// !$*UTF8*$!
{
	archiveVersion = 1;
	classes = {
	};
	objectVersion = 56;
	objects = {

/* Begin PBXBuildFile section */
		ECAE43462C3A36F4009AE5CB /* AppDelegate.swift in Sources */ = {isa = PBXBuildFile; fileRef = ECAE43452C3A36F4009AE5CB /* AppDelegate.swift */; };
		ECAE43482C3A36F4009AE5CB /* SceneDelegate.swift in Sources */ = {isa = PBXBuildFile; fileRef = ECAE43472C3A36F4009AE5CB /* SceneDelegate.swift */; };
		ECAE434A2C3A36F4009AE5CB /* ViewController.swift in Sources */ = {isa = PBXBuildFile; fileRef = ECAE43492C3A36F4009AE5CB /* ViewController.swift */; };
		ECAE434D2C3A36F4009AE5CB /* Base in Resources */ = {isa = PBXBuildFile; fileRef = ECAE434C2C3A36F4009AE5CB /* Base */; };
		ECAE434F2C3A36F5009AE5CB /* Assets.xcassets in Resources */ = {isa = PBXBuildFile; fileRef = ECAE434E2C3A36F5009AE5CB /* Assets.xcassets */; };
		ECAE43522C3A36F5009AE5CB /* Base in Resources */ = {isa = PBXBuildFile; fileRef = ECAE43512C3A36F5009AE5CB /* Base */; };
		ECAE43762C3A405F009AE5CB /* SecondaryViewController.swift in Sources */ = {isa = PBXBuildFile; fileRef = ECAE43752C3A405F009AE5CB /* SecondaryViewController.swift */; };
		ECAE43782C3A5387009AE5CB /* CustomTableViewCell.swift in Sources */ = {isa = PBXBuildFile; fileRef = ECAE43772C3A5387009AE5CB /* CustomTableViewCell.swift */; };
		ECAE437A2C3B01A4009AE5CB /* ScheduleItem.swift in Sources */ = {isa = PBXBuildFile; fileRef = ECAE43792C3B01A4009AE5CB /* ScheduleItem.swift */; };
/* End PBXBuildFile section */

/* Begin PBXContainerItemProxy section */
		ECAE43592C3A36F5009AE5CB /* PBXContainerItemProxy */ = {
			isa = PBXContainerItemProxy;
			containerPortal = ECAE433A2C3A36F4009AE5CB /* Project object */;
			proxyType = 1;
			remoteGlobalIDString = ECAE43412C3A36F4009AE5CB;
			remoteInfo = TableViewApp;
		};
		ECAE43632C3A36F5009AE5CB /* PBXContainerItemProxy */ = {
			isa = PBXContainerItemProxy;
			containerPortal = ECAE433A2C3A36F4009AE5CB /* Project object */;
			proxyType = 1;
			remoteGlobalIDString = ECAE43412C3A36F4009AE5CB;
			remoteInfo = TableViewApp;
		};
/* End PBXContainerItemProxy section */

/* Begin PBXFileReference section */
		ECAE43422C3A36F4009AE5CB /* TableViewApp.app */ = {isa = PBXFileReference; explicitFileType = wrapper.application; includeInIndex = 0; path = TableViewApp.app; sourceTree = BUILT_PRODUCTS_DIR; };
		ECAE43452C3A36F4009AE5CB /* AppDelegate.swift */ = {isa = PBXFileReference; lastKnownFileType = sourcecode.swift; path = AppDelegate.swift; sourceTree = "<group>"; };
		ECAE43472C3A36F4009AE5CB /* SceneDelegate.swift */ = {isa = PBXFileReference; lastKnownFileType = sourcecode.swift; path = SceneDelegate.swift; sourceTree = "<group>"; };
		ECAE43492C3A36F4009AE5CB /* ViewController.swift */ = {isa = PBXFileReference; lastKnownFileType = sourcecode.swift; path = ViewController.swift; sourceTree = "<group>"; };
		ECAE434C2C3A36F4009AE5CB /* Base */ = {isa = PBXFileReference; lastKnownFileType = file.storyboard; name = Base; path = Base.lproj/Main.storyboard; sourceTree = "<group>"; };
		ECAE434E2C3A36F5009AE5CB /* Assets.xcassets */ = {isa = PBXFileReference; lastKnownFileType = folder.assetcatalog; path = Assets.xcassets; sourceTree = "<group>"; };
		ECAE43512C3A36F5009AE5CB /* Base */ = {isa = PBXFileReference; lastKnownFileType = file.storyboard; name = Base; path = Base.lproj/LaunchScreen.storyboard; sourceTree = "<group>"; };
		ECAE43532C3A36F5009AE5CB /* Info.plist */ = {isa = PBXFileReference; lastKnownFileType = text.plist.xml; path = Info.plist; sourceTree = "<group>"; };
		ECAE43582C3A36F5009AE5CB /* TableViewAppTests.xctest */ = {isa = PBXFileReference; explicitFileType = wrapper.cfbundle; includeInIndex = 0; path = TableViewAppTests.xctest; sourceTree = BUILT_PRODUCTS_DIR; };
		ECAE43622C3A36F5009AE5CB /* TableViewAppUITests.xctest */ = {isa = PBXFileReference; explicitFileType = wrapper.cfbundle; includeInIndex = 0; path = TableViewAppUITests.xctest; sourceTree = BUILT_PRODUCTS_DIR; };
		ECAE43752C3A405F009AE5CB /* SecondaryViewController.swift */ = {isa = PBXFileReference; lastKnownFileType = sourcecode.swift; path = SecondaryViewController.swift; sourceTree = "<group>"; };
		ECAE43772C3A5387009AE5CB /* CustomTableViewCell.swift */ = {isa = PBXFileReference; lastKnownFileType = sourcecode.swift; path = CustomTableViewCell.swift; sourceTree = "<group>"; };
		ECAE43792C3B01A4009AE5CB /* ScheduleItem.swift */ = {isa = PBXFileReference; lastKnownFileType = sourcecode.swift; path = ScheduleItem.swift; sourceTree = "<group>"; };
/* End PBXFileReference section */

/* Begin PBXFrameworksBuildPhase section */
		ECAE433F2C3A36F4009AE5CB /* Frameworks */ = {
			isa = PBXFrameworksBuildPhase;
			buildActionMask = 2147483647;
			files = (
			);
			runOnlyForDeploymentPostprocessing = 0;
		};
		ECAE43552C3A36F5009AE5CB /* Frameworks */ = {
			isa = PBXFrameworksBuildPhase;
			buildActionMask = 2147483647;
			files = (
			);
			runOnlyForDeploymentPostprocessing = 0;
		};
		ECAE435F2C3A36F5009AE5CB /* Frameworks */ = {
			isa = PBXFrameworksBuildPhase;
			buildActionMask = 2147483647;
			files = (
			);
			runOnlyForDeploymentPostprocessing = 0;
		};
/* End PBXFrameworksBuildPhase section */

/* Begin PBXGroup section */
		ECAE43392C3A36F4009AE5CB = {
			isa = PBXGroup;
			children = (
				ECAE43442C3A36F4009AE5CB /* TableViewApp */,
				ECAE43432C3A36F4009AE5CB /* Products */,
			);
			sourceTree = "<group>";
		};
		ECAE43432C3A36F4009AE5CB /* Products */ = {
			isa = PBXGroup;
			children = (
				ECAE43422C3A36F4009AE5CB /* TableViewApp.app */,
				ECAE43582C3A36F5009AE5CB /* TableViewAppTests.xctest */,
				ECAE43622C3A36F5009AE5CB /* TableViewAppUITests.xctest */,
			);
			name = Products;
			sourceTree = "<group>";
		};
		ECAE43442C3A36F4009AE5CB /* TableViewApp */ = {
			isa = PBXGroup;
			children = (
				ECAE43452C3A36F4009AE5CB /* AppDelegate.swift */,
				ECAE43472C3A36F4009AE5CB /* SceneDelegate.swift */,
				ECAE43492C3A36F4009AE5CB /* ViewController.swift */,
				ECAE43752C3A405F009AE5CB /* SecondaryViewController.swift */,
				ECAE43772C3A5387009AE5CB /* CustomTableViewCell.swift */,
				ECAE43792C3B01A4009AE5CB /* ScheduleItem.swift */,
				ECAE434B2C3A36F4009AE5CB /* Main.storyboard */,
				ECAE434E2C3A36F5009AE5CB /* Assets.xcassets */,
				ECAE43502C3A36F5009AE5CB /* LaunchScreen.storyboard */,
				ECAE43532C3A36F5009AE5CB /* Info.plist */,
			);
			path = TableViewApp;
			sourceTree = "<group>";
		};
/* End PBXGroup section */

/* Begin PBXNativeTarget section */
		ECAE43412C3A36F4009AE5CB /* TableViewApp */ = {
			isa = PBXNativeTarget;
			buildConfigurationList = ECAE436C2C3A36F5009AE5CB /* Build configuration list for PBXNativeTarget "TableViewApp" */;
			buildPhases = (
				ECAE433E2C3A36F4009AE5CB /* Sources */,
				ECAE433F2C3A36F4009AE5CB /* Frameworks */,
				ECAE43402C3A36F4009AE5CB /* Resources */,
			);
			buildRules = (
			);
			dependencies = (
			);
			name = TableViewApp;
			productName = TableViewApp;
			productReference = ECAE43422C3A36F4009AE5CB /* TableViewApp.app */;
			productType = "com.apple.product-type.application";
		};
		ECAE43572C3A36F5009AE5CB /* TableViewAppTests */ = {
			isa = PBXNativeTarget;
			buildConfigurationList = ECAE436F2C3A36F5009AE5CB /* Build configuration list for PBXNativeTarget "TableViewAppTests" */;
			buildPhases = (
				ECAE43542C3A36F5009AE5CB /* Sources */,
				ECAE43552C3A36F5009AE5CB /* Frameworks */,
				ECAE43562C3A36F5009AE5CB /* Resources */,
			);
			buildRules = (
			);
			dependencies = (
				ECAE435A2C3A36F5009AE5CB /* PBXTargetDependency */,
			);
			name = TableViewAppTests;
			productName = TableViewAppTests;
			productReference = ECAE43582C3A36F5009AE5CB /* TableViewAppTests.xctest */;
			productType = "com.apple.product-type.bundle.unit-test";
		};
		ECAE43612C3A36F5009AE5CB /* TableViewAppUITests */ = {
			isa = PBXNativeTarget;
			buildConfigurationList = ECAE43722C3A36F5009AE5CB /* Build configuration list for PBXNativeTarget "TableViewAppUITests" */;
			buildPhases = (
				ECAE435E2C3A36F5009AE5CB /* Sources */,
				ECAE435F2C3A36F5009AE5CB /* Frameworks */,
				ECAE43602C3A36F5009AE5CB /* Resources */,
			);
			buildRules = (
			);
			dependencies = (
				ECAE43642C3A36F5009AE5CB /* PBXTargetDependency */,
			);
			name = TableViewAppUITests;
			productName = TableViewAppUITests;
			productReference = ECAE43622C3A36F5009AE5CB /* TableViewAppUITests.xctest */;
			productType = "com.apple.product-type.bundle.ui-testing";
		};
/* End PBXNativeTarget section */

/* Begin PBXProject section */
		ECAE433A2C3A36F4009AE5CB /* Project object */ = {
			isa = PBXProject;
			attributes = {
				BuildIndependentTargetsInParallel = 1;
				LastSwiftUpdateCheck = 1540;
				LastUpgradeCheck = 1540;
				TargetAttributes = {
					ECAE43412C3A36F4009AE5CB = {
						CreatedOnToolsVersion = 15.4;
					};
					ECAE43572C3A36F5009AE5CB = {
						CreatedOnToolsVersion = 15.4;
						TestTargetID = ECAE43412C3A36F4009AE5CB;
					};
					ECAE43612C3A36F5009AE5CB = {
						CreatedOnToolsVersion = 15.4;
						TestTargetID = ECAE43412C3A36F4009AE5CB;
					};
				};
			};
			buildConfigurationList = ECAE433D2C3A36F4009AE5CB /* Build configuration list for PBXProject "TableViewApp" */;
			compatibilityVersion = "Xcode 14.0";
			developmentRegion = en;
			hasScannedForEncodings = 0;
			knownRegions = (
				en,
				Base,
			);
			mainGroup = ECAE43392C3A36F4009AE5CB;
			productRefGroup = ECAE43432C3A36F4009AE5CB /* Products */;
			projectDirPath = "";
			projectRoot = "";
			targets = (
				ECAE43412C3A36F4009AE5CB /* TableViewApp */,
				ECAE43572C3A36F5009AE5CB /* TableViewAppTests */,
				ECAE43612C3A36F5009AE5CB /* TableViewAppUITests */,
			);
		};
/* End PBXProject section */

/* Begin PBXResourcesBuildPhase section */
		ECAE43402C3A36F4009AE5CB /* Resources */ = {
			isa = PBXResourcesBuildPhase;
			buildActionMask = 2147483647;
			files = (
				ECAE434F2C3A36F5009AE5CB /* Assets.xcassets in Resources */,
				ECAE43522C3A36F5009AE5CB /* Base in Resources */,
				ECAE434D2C3A36F4009AE5CB /* Base in Resources */,
			);
			runOnlyForDeploymentPostprocessing = 0;
		};
		ECAE43562C3A36F5009AE5CB /* Resources */ = {
			isa = PBXResourcesBuildPhase;
			buildActionMask = 2147483647;
			files = (
			);
			runOnlyForDeploymentPostprocessing = 0;
		};
		ECAE43602C3A36F5009AE5CB /* Resources */ = {
			isa = PBXResourcesBuildPhase;
			buildActionMask = 2147483647;
			files = (
			);
			runOnlyForDeploymentPostprocessing = 0;
		};
/* End PBXResourcesBuildPhase section */

/* Begin PBXSourcesBuildPhase section */
		ECAE433E2C3A36F4009AE5CB /* Sources */ = {
			isa = PBXSourcesBuildPhase;
			buildActionMask = 2147483647;
			files = (
				ECAE434A2C3A36F4009AE5CB /* ViewController.swift in Sources */,
				ECAE43782C3A5387009AE5CB /* CustomTableViewCell.swift in Sources */,
				ECAE43462C3A36F4009AE5CB /* AppDelegate.swift in Sources */,
				ECAE437A2C3B01A4009AE5CB /* ScheduleItem.swift in Sources */,
				ECAE43482C3A36F4009AE5CB /* SceneDelegate.swift in Sources */,
				ECAE43762C3A405F009AE5CB /* SecondaryViewController.swift in Sources */,
			);
			runOnlyForDeploymentPostprocessing = 0;
		};
		ECAE43542C3A36F5009AE5CB /* Sources */ = {
			isa = PBXSourcesBuildPhase;
			buildActionMask = 2147483647;
			files = (
			);
			runOnlyForDeploymentPostprocessing = 0;
		};
		ECAE435E2C3A36F5009AE5CB /* Sources */ = {
			isa = PBXSourcesBuildPhase;
			buildActionMask = 2147483647;
			files = (
			);
			runOnlyForDeploymentPostprocessing = 0;
		};
/* End PBXSourcesBuildPhase section */

/* Begin PBXTargetDependency section */
		ECAE435A2C3A36F5009AE5CB /* PBXTargetDependency */ = {
			isa = PBXTargetDependency;
			target = ECAE43412C3A36F4009AE5CB /* TableViewApp */;
			targetProxy = ECAE43592C3A36F5009AE5CB /* PBXContainerItemProxy */;
		};
		ECAE43642C3A36F5009AE5CB /* PBXTargetDependency */ = {
			isa = PBXTargetDependency;
			target = ECAE43412C3A36F4009AE5CB /* TableViewApp */;
			targetProxy = ECAE43632C3A36F5009AE5CB /* PBXContainerItemProxy */;
		};
/* End PBXTargetDependency section */

/* Begin PBXVariantGroup section */
		ECAE434B2C3A36F4009AE5CB /* Main.storyboard */ = {
			isa = PBXVariantGroup;
			children = (
				ECAE434C2C3A36F4009AE5CB /* Base */,
			);
			name = Main.storyboard;
			sourceTree = "<group>";
		};
		ECAE43502C3A36F5009AE5CB /* LaunchScreen.storyboard */ = {
			isa = PBXVariantGroup;
			children = (
				ECAE43512C3A36F5009AE5CB /* Base */,
			);
			name = LaunchScreen.storyboard;
			sourceTree = "<group>";
		};
/* End PBXVariantGroup section */

/* Begin XCBuildConfiguration section */
		ECAE436A2C3A36F5009AE5CB /* Debug */ = {
			isa = XCBuildConfiguration;
			buildSettings = {
				ALWAYS_SEARCH_USER_PATHS = NO;
				ASSETCATALOG_COMPILER_GENERATE_SWIFT_ASSET_SYMBOL_EXTENSIONS = YES;
				CLANG_ANALYZER_NONNULL = YES;
				CLANG_ANALYZER_NUMBER_OBJECT_CONVERSION = YES_AGGRESSIVE;
				CLANG_CXX_LANGUAGE_STANDARD = "gnu++20";
				CLANG_ENABLE_MODULES = YES;
				CLANG_ENABLE_OBJC_ARC = YES;
				CLANG_ENABLE_OBJC_WEAK = YES;
				CLANG_WARN_BLOCK_CAPTURE_AUTORELEASING = YES;
				CLANG_WARN_BOOL_CONVERSION = YES;
				CLANG_WARN_COMMA = YES;
				CLANG_WARN_CONSTANT_CONVERSION = YES;
				CLANG_WARN_DEPRECATED_OBJC_IMPLEMENTATIONS = YES;
				CLANG_WARN_DIRECT_OBJC_ISA_USAGE = YES_ERROR;
				CLANG_WARN_DOCUMENTATION_COMMENTS = YES;
				CLANG_WARN_EMPTY_BODY = YES;
				CLANG_WARN_ENUM_CONVERSION = YES;
				CLANG_WARN_INFINITE_RECURSION = YES;
				CLANG_WARN_INT_CONVERSION = YES;
				CLANG_WARN_NON_LITERAL_NULL_CONVERSION = YES;
				CLANG_WARN_OBJC_IMPLICIT_RETAIN_SELF = YES;
				CLANG_WARN_OBJC_LITERAL_CONVERSION = YES;
				CLANG_WARN_OBJC_ROOT_CLASS = YES_ERROR;
				CLANG_WARN_QUOTED_INCLUDE_IN_FRAMEWORK_HEADER = YES;
				CLANG_WARN_RANGE_LOOP_ANALYSIS = YES;
				CLANG_WARN_STRICT_PROTOTYPES = YES;
				CLANG_WARN_SUSPICIOUS_MOVE = YES;
				CLANG_WARN_UNGUARDED_AVAILABILITY = YES_AGGRESSIVE;
				CLANG_WARN_UNREACHABLE_CODE = YES;
				CLANG_WARN__DUPLICATE_METHOD_MATCH = YES;
				COPY_PHASE_STRIP = NO;
				DEBUG_INFORMATION_FORMAT = dwarf;
				ENABLE_STRICT_OBJC_MSGSEND = YES;
				ENABLE_TESTABILITY = YES;
				ENABLE_USER_SCRIPT_SANDBOXING = YES;
				GCC_C_LANGUAGE_STANDARD = gnu17;
				GCC_DYNAMIC_NO_PIC = NO;
				GCC_NO_COMMON_BLOCKS = YES;
				GCC_OPTIMIZATION_LEVEL = 0;
				GCC_PREPROCESSOR_DEFINITIONS = (
					"DEBUG=1",
					"$(inherited)",
				);
				GCC_WARN_64_TO_32_BIT_CONVERSION = YES;
				GCC_WARN_ABOUT_RETURN_TYPE = YES_ERROR;
				GCC_WARN_UNDECLARED_SELECTOR = YES;
				GCC_WARN_UNINITIALIZED_AUTOS = YES_AGGRESSIVE;
				GCC_WARN_UNUSED_FUNCTION = YES;
				GCC_WARN_UNUSED_VARIABLE = YES;
				IPHONEOS_DEPLOYMENT_TARGET = 17.5;
				LOCALIZATION_PREFERS_STRING_CATALOGS = YES;
				MTL_ENABLE_DEBUG_INFO = INCLUDE_SOURCE;
				MTL_FAST_MATH = YES;
				ONLY_ACTIVE_ARCH = YES;
				SDKROOT = iphoneos;
				SWIFT_ACTIVE_COMPILATION_CONDITIONS = "DEBUG $(inherited)";
				SWIFT_OPTIMIZATION_LEVEL = "-Onone";
			};
			name = Debug;
		};
		ECAE436B2C3A36F5009AE5CB /* Release */ = {
			isa = XCBuildConfiguration;
			buildSettings = {
				ALWAYS_SEARCH_USER_PATHS = NO;
				ASSETCATALOG_COMPILER_GENERATE_SWIFT_ASSET_SYMBOL_EXTENSIONS = YES;
				CLANG_ANALYZER_NONNULL = YES;
				CLANG_ANALYZER_NUMBER_OBJECT_CONVERSION = YES_AGGRESSIVE;
				CLANG_CXX_LANGUAGE_STANDARD = "gnu++20";
				CLANG_ENABLE_MODULES = YES;
				CLANG_ENABLE_OBJC_ARC = YES;
				CLANG_ENABLE_OBJC_WEAK = YES;
				CLANG_WARN_BLOCK_CAPTURE_AUTORELEASING = YES;
				CLANG_WARN_BOOL_CONVERSION = YES;
				CLANG_WARN_COMMA = YES;
				CLANG_WARN_CONSTANT_CONVERSION = YES;
				CLANG_WARN_DEPRECATED_OBJC_IMPLEMENTATIONS = YES;
				CLANG_WARN_DIRECT_OBJC_ISA_USAGE = YES_ERROR;
				CLANG_WARN_DOCUMENTATION_COMMENTS = YES;
				CLANG_WARN_EMPTY_BODY = YES;
				CLANG_WARN_ENUM_CONVERSION = YES;
				CLANG_WARN_INFINITE_RECURSION = YES;
				CLANG_WARN_INT_CONVERSION = YES;
				CLANG_WARN_NON_LITERAL_NULL_CONVERSION = YES;
				CLANG_WARN_OBJC_IMPLICIT_RETAIN_SELF = YES;
				CLANG_WARN_OBJC_LITERAL_CONVERSION = YES;
				CLANG_WARN_OBJC_ROOT_CLASS = YES_ERROR;
				CLANG_WARN_QUOTED_INCLUDE_IN_FRAMEWORK_HEADER = YES;
				CLANG_WARN_RANGE_LOOP_ANALYSIS = YES;
				CLANG_WARN_STRICT_PROTOTYPES = YES;
				CLANG_WARN_SUSPICIOUS_MOVE = YES;
				CLANG_WARN_UNGUARDED_AVAILABILITY = YES_AGGRESSIVE;
				CLANG_WARN_UNREACHABLE_CODE = YES;
				CLANG_WARN__DUPLICATE_METHOD_MATCH = YES;
				COPY_PHASE_STRIP = NO;
				DEBUG_INFORMATION_FORMAT = "dwarf-with-dsym";
				ENABLE_NS_ASSERTIONS = NO;
				ENABLE_STRICT_OBJC_MSGSEND = YES;
				ENABLE_USER_SCRIPT_SANDBOXING = YES;
				GCC_C_LANGUAGE_STANDARD = gnu17;
				GCC_NO_COMMON_BLOCKS = YES;
				GCC_WARN_64_TO_32_BIT_CONVERSION = YES;
				GCC_WARN_ABOUT_RETURN_TYPE = YES_ERROR;
				GCC_WARN_UNDECLARED_SELECTOR = YES;
				GCC_WARN_UNINITIALIZED_AUTOS = YES_AGGRESSIVE;
				GCC_WARN_UNUSED_FUNCTION = YES;
				GCC_WARN_UNUSED_VARIABLE = YES;
				IPHONEOS_DEPLOYMENT_TARGET = 17.5;
				LOCALIZATION_PREFERS_STRING_CATALOGS = YES;
				MTL_ENABLE_DEBUG_INFO = NO;
				MTL_FAST_MATH = YES;
				SDKROOT = iphoneos;
				SWIFT_COMPILATION_MODE = wholemodule;
				VALIDATE_PRODUCT = YES;
			};
			name = Release;
		};
		ECAE436D2C3A36F5009AE5CB /* Debug */ = {
			isa = XCBuildConfiguration;
			buildSettings = {
				ASSETCATALOG_COMPILER_APPICON_NAME = AppIcon;
				ASSETCATALOG_COMPILER_GLOBAL_ACCENT_COLOR_NAME = AccentColor;
				CODE_SIGN_STYLE = Automatic;
				CURRENT_PROJECT_VERSION = 1;
				GENERATE_INFOPLIST_FILE = YES;
				INFOPLIST_FILE = TableViewApp/Info.plist;
				INFOPLIST_KEY_UIApplicationSupportsIndirectInputEvents = YES;
				INFOPLIST_KEY_UILaunchStoryboardName = LaunchScreen;
				INFOPLIST_KEY_UIMainStoryboardFile = Main;
				INFOPLIST_KEY_UISupportedInterfaceOrientations_iPad = "UIInterfaceOrientationPortrait UIInterfaceOrientationPortraitUpsideDown UIInterfaceOrientationLandscapeLeft UIInterfaceOrientationLandscapeRight";
				INFOPLIST_KEY_UISupportedInterfaceOrientations_iPhone = "UIInterfaceOrientationPortrait UIInterfaceOrientationLandscapeLeft UIInterfaceOrientationLandscapeRight";
				LD_RUNPATH_SEARCH_PATHS = (
					"$(inherited)",
					"@executable_path/Frameworks",
				);
				MARKETING_VERSION = 1.0;
				PRODUCT_BUNDLE_IDENTIFIER = edu.auburn.onlinecsse.TableViewApp;
				PRODUCT_NAME = "$(TARGET_NAME)";
				SWIFT_EMIT_LOC_STRINGS = YES;
				SWIFT_VERSION = 5.0;
				TARGETED_DEVICE_FAMILY = "1,2";
			};
			name = Debug;
		};
		ECAE436E2C3A36F5009AE5CB /* Release */ = {
			isa = XCBuildConfiguration;
			buildSettings = {
				ASSETCATALOG_COMPILER_APPICON_NAME = AppIcon;
				ASSETCATALOG_COMPILER_GLOBAL_ACCENT_COLOR_NAME = AccentColor;
				CODE_SIGN_STYLE = Automatic;
				CURRENT_PROJECT_VERSION = 1;
				GENERATE_INFOPLIST_FILE = YES;
				INFOPLIST_FILE = TableViewApp/Info.plist;
				INFOPLIST_KEY_UIApplicationSupportsIndirectInputEvents = YES;
				INFOPLIST_KEY_UILaunchStoryboardName = LaunchScreen;
				INFOPLIST_KEY_UIMainStoryboardFile = Main;
				INFOPLIST_KEY_UISupportedInterfaceOrientations_iPad = "UIInterfaceOrientationPortrait UIInterfaceOrientationPortraitUpsideDown UIInterfaceOrientationLandscapeLeft UIInterfaceOrientationLandscapeRight";
				INFOPLIST_KEY_UISupportedInterfaceOrientations_iPhone = "UIInterfaceOrientationPortrait UIInterfaceOrientationLandscapeLeft UIInterfaceOrientationLandscapeRight";
				LD_RUNPATH_SEARCH_PATHS = (
					"$(inherited)",
					"@executable_path/Frameworks",
				);
				MARKETING_VERSION = 1.0;
				PRODUCT_BUNDLE_IDENTIFIER = edu.auburn.onlinecsse.TableViewApp;
				PRODUCT_NAME = "$(TARGET_NAME)";
				SWIFT_EMIT_LOC_STRINGS = YES;
				SWIFT_VERSION = 5.0;
				TARGETED_DEVICE_FAMILY = "1,2";
			};
			name = Release;
		};
		ECAE43702C3A36F5009AE5CB /* Debug */ = {
			isa = XCBuildConfiguration;
			buildSettings = {
				ALWAYS_EMBED_SWIFT_STANDARD_LIBRARIES = YES;
				BUNDLE_LOADER = "$(TEST_HOST)";
				CODE_SIGN_STYLE = Automatic;
				CURRENT_PROJECT_VERSION = 1;
				GENERATE_INFOPLIST_FILE = YES;
				IPHONEOS_DEPLOYMENT_TARGET = 17.5;
				MARKETING_VERSION = 1.0;
				PRODUCT_BUNDLE_IDENTIFIER = edu.auburn.onlinecsse.TableViewAppTests;
				PRODUCT_NAME = "$(TARGET_NAME)";
				SWIFT_EMIT_LOC_STRINGS = NO;
				SWIFT_VERSION = 5.0;
				TARGETED_DEVICE_FAMILY = "1,2";
				TEST_HOST = "$(BUILT_PRODUCTS_DIR)/TableViewApp.app/$(BUNDLE_EXECUTABLE_FOLDER_PATH)/TableViewApp";
			};
			name = Debug;
		};
		ECAE43712C3A36F5009AE5CB /* Release */ = {
			isa = XCBuildConfiguration;
			buildSettings = {
				ALWAYS_EMBED_SWIFT_STANDARD_LIBRARIES = YES;
				BUNDLE_LOADER = "$(TEST_HOST)";
				CODE_SIGN_STYLE = Automatic;
				CURRENT_PROJECT_VERSION = 1;
				GENERATE_INFOPLIST_FILE = YES;
				IPHONEOS_DEPLOYMENT_TARGET = 17.5;
				MARKETING_VERSION = 1.0;
				PRODUCT_BUNDLE_IDENTIFIER = edu.auburn.onlinecsse.TableViewAppTests;
				PRODUCT_NAME = "$(TARGET_NAME)";
				SWIFT_EMIT_LOC_STRINGS = NO;
				SWIFT_VERSION = 5.0;
				TARGETED_DEVICE_FAMILY = "1,2";
				TEST_HOST = "$(BUILT_PRODUCTS_DIR)/TableViewApp.app/$(BUNDLE_EXECUTABLE_FOLDER_PATH)/TableViewApp";
			};
			name = Release;
		};
		ECAE43732C3A36F5009AE5CB /* Debug */ = {
			isa = XCBuildConfiguration;
			buildSettings = {
				ALWAYS_EMBED_SWIFT_STANDARD_LIBRARIES = YES;
				CODE_SIGN_STYLE = Automatic;
				CURRENT_PROJECT_VERSION = 1;
				GENERATE_INFOPLIST_FILE = YES;
				MARKETING_VERSION = 1.0;
				PRODUCT_BUNDLE_IDENTIFIER = edu.auburn.onlinecsse.TableViewAppUITests;
				PRODUCT_NAME = "$(TARGET_NAME)";
				SWIFT_EMIT_LOC_STRINGS = NO;
				SWIFT_VERSION = 5.0;
				TARGETED_DEVICE_FAMILY = "1,2";
				TEST_TARGET_NAME = TableViewApp;
			};
			name = Debug;
		};
		ECAE43742C3A36F5009AE5CB /* Release */ = {
			isa = XCBuildConfiguration;
			buildSettings = {
				ALWAYS_EMBED_SWIFT_STANDARD_LIBRARIES = YES;
				CODE_SIGN_STYLE = Automatic;
				CURRENT_PROJECT_VERSION = 1;
				GENERATE_INFOPLIST_FILE = YES;
				MARKETING_VERSION = 1.0;
				PRODUCT_BUNDLE_IDENTIFIER = edu.auburn.onlinecsse.TableViewAppUITests;
				PRODUCT_NAME = "$(TARGET_NAME)";
				SWIFT_EMIT_LOC_STRINGS = NO;
				SWIFT_VERSION = 5.0;
				TARGETED_DEVICE_FAMILY = "1,2";
				TEST_TARGET_NAME = TableViewApp;
			};
			name = Release;
		};
/* End XCBuildConfiguration section */

/* Begin XCConfigurationList section */
		ECAE433D2C3A36F4009AE5CB /* Build configuration list for PBXProject "TableViewApp" */ = {
			isa = XCConfigurationList;
			buildConfigurations = (
				ECAE436A2C3A36F5009AE5CB /* Debug */,
				ECAE436B2C3A36F5009AE5CB /* Release */,
			);
			defaultConfigurationIsVisible = 0;
			defaultConfigurationName = Release;
		};
		ECAE436C2C3A36F5009AE5CB /* Build configuration list for PBXNativeTarget "TableViewApp" */ = {
			isa = XCConfigurationList;
			buildConfigurations = (
				ECAE436D2C3A36F5009AE5CB /* Debug */,
				ECAE436E2C3A36F5009AE5CB /* Release */,
			);
			defaultConfigurationIsVisible = 0;
			defaultConfigurationName = Release;
		};
		ECAE436F2C3A36F5009AE5CB /* Build configuration list for PBXNativeTarget "TableViewAppTests" */ = {
			isa = XCConfigurationList;
			buildConfigurations = (
				ECAE43702C3A36F5009AE5CB /* Debug */,
				ECAE43712C3A36F5009AE5CB /* Release */,
			);
			defaultConfigurationIsVisible = 0;
			defaultConfigurationName = Release;
		};
		ECAE43722C3A36F5009AE5CB /* Build configuration list for PBXNativeTarget "TableViewAppUITests" */ = {
			isa = XCConfigurationList;
			buildConfigurations = (
				ECAE43732C3A36F5009AE5CB /* Debug */,
				ECAE43742C3A36F5009AE5CB /* Release */,
			);
			defaultConfigurationIsVisible = 0;
			defaultConfigurationName = Release;
		};
/* End XCConfigurationList section */
	};
	rootObject = ECAE433A2C3A36F4009AE5CB /* Project object */;
}
